
Microsoft Visual Studio Solution File, Format Version 12.00
# Visual Studio Version 16
VisualStudioVersion = 16.0.31729.503
MinimumVisualStudioVersion = 10.0.40219.1
Project("{2150E333-8FDC-42A3-9474-1A3956D46DE8}") = "Chapter1", "Chapter1", "{78119BAB-C673-4A70-89CF-540BE5729C9E}"
EndProject
Project("{8BC9CEB8-8B4A-11D0-8D11-00A0C91BC942}") = "1-23-rm_comments", "Chapter1\1-23-rm_comments\1-23-rm_comments.vcxproj", "{6AD4F95F-1198-48C8-8954-9E9B23161C90}"
EndProject
Project("{8BC9CEB8-8B4A-11D0-8D11-00A0C91BC942}") = "1-11-test_wc", "Chapter1\1-11-test_wc\1-11-test_wc.vcxproj", "{D73B499B-0D32-4866-896B-AF7672A313A2}"
EndProject
Project("{8BC9CEB8-8B4A-11D0-8D11-00A0C91BC942}") = "1-21-entab", "Chapter1\1-21-entab\1-21-entab.vcxproj", "{3B701904-968E-4104-8347-2D567156530D}"
EndProject
Project("{8BC9CEB8-8B4A-11D0-8D11-00A0C91BC942}") = "1-20-detab", "Chapter1\1-20-detab\1-20-detab.vcxproj", "{1858FFF9-64EE-4BB1-8FF2-467BABD16820}"
EndProject
Project("{8BC9CEB8-8B4A-11D0-8D11-00A0C91BC942}") = "1-13-word-len-histogram", "Chapter1\1-13-word-len-histogram\1-13-word-len-histogram.vcxproj", "{5F145D34-21A5-491A-A7CD-EAA0D769EB44}"
EndProject
Project("{8BC9CEB8-8B4A-11D0-8D11-00A0C91BC942}") = "1-22-fold-line", "Chapter1\1-22-fold-line\1-22-fold-line.vcxproj", "{3C94FAD9-9042-42B8-B72F-C96F17DA28E6}"
EndProject
Project("{8BC9CEB8-8B4A-11D0-8D11-00A0C91BC942}") = "1-24-syntax-check", "Chapter1\1-24-syntax-check\1-24-syntax-check.vcxproj", "{DF0577F1-18A9-4F93-9B48-038139BB62CE}"
EndProject
Project("{2150E333-8FDC-42A3-9474-1A3956D46DE8}") = "Chapter2", "Chapter2", "{D72266FD-8B3D-41FE-8A21-0C08C4FA2603}"
EndProject
Project("{8BC9CEB8-8B4A-11D0-8D11-00A0C91BC942}") = "2-6-setbits", "Chapter2\2-6-setbits\2-6-setbits.vcxproj", "{7BEDE10D-8F95-474E-95B1-FA533F121692}"
EndProject
Project("{8BC9CEB8-8B4A-11D0-8D11-00A0C91BC942}") = "2-7-invert", "Chapter2\2-7-invert\2-7-invert.vcxproj", "{292ED3FA-0150-4ECF-8463-BAC309847102}"
EndProject
Project("{8BC9CEB8-8B4A-11D0-8D11-00A0C91BC942}") = "2-8-rightrot", "Chapter2\2-8-rightrot\2-8-rightrot.vcxproj", "{7ACA0C48-546B-4952-AD66-89880F218170}"
EndProject
Global
	GlobalSection(SolutionConfigurationPlatforms) = preSolution
		Debug|x64 = Debug|x64
		Debug|x86 = Debug|x86
		Release|x64 = Release|x64
		Release|x86 = Release|x86
	EndGlobalSection
	GlobalSection(ProjectConfigurationPlatforms) = postSolution
		{6AD4F95F-1198-48C8-8954-9E9B23161C90}.Debug|x64.ActiveCfg = Debug|x64
		{6AD4F95F-1198-48C8-8954-9E9B23161C90}.Debug|x64.Build.0 = Debug|x64
		{6AD4F95F-1198-48C8-8954-9E9B23161C90}.Debug|x86.ActiveCfg = Debug|Win32
		{6AD4F95F-1198-48C8-8954-9E9B23161C90}.Debug|x86.Build.0 = Debug|Win32
		{6AD4F95F-1198-48C8-8954-9E9B23161C90}.Release|x64.ActiveCfg = Release|x64
		{6AD4F95F-1198-48C8-8954-9E9B23161C90}.Release|x64.Build.0 = Release|x64
		{6AD4F95F-1198-48C8-8954-9E9B23161C90}.Release|x86.ActiveCfg = Release|Win32
		{6AD4F95F-1198-48C8-8954-9E9B23161C90}.Release|x86.Build.0 = Release|Win32
		{D73B499B-0D32-4866-896B-AF7672A313A2}.Debug|x64.ActiveCfg = Debug|x64
		{D73B499B-0D32-4866-896B-AF7672A313A2}.Debug|x64.Build.0 = Debug|x64
		{D73B499B-0D32-4866-896B-AF7672A313A2}.Debug|x86.ActiveCfg = Debug|Win32
		{D73B499B-0D32-4866-896B-AF7672A313A2}.Debug|x86.Build.0 = Debug|Win32
		{D73B499B-0D32-4866-896B-AF7672A313A2}.Release|x64.ActiveCfg = Release|x64
		{D73B499B-0D32-4866-896B-AF7672A313A2}.Release|x64.Build.0 = Release|x64
		{D73B499B-0D32-4866-896B-AF7672A313A2}.Release|x86.ActiveCfg = Release|Win32
		{D73B499B-0D32-4866-896B-AF7672A313A2}.Release|x86.Build.0 = Release|Win32
		{3B701904-968E-4104-8347-2D567156530D}.Debug|x64.ActiveCfg = Debug|x64
		{3B701904-968E-4104-8347-2D567156530D}.Debug|x64.Build.0 = Debug|x64
		{3B701904-968E-4104-8347-2D567156530D}.Debug|x86.ActiveCfg = Debug|Win32
		{3B701904-968E-4104-8347-2D567156530D}.Debug|x86.Build.0 = Debug|Win32
		{3B701904-968E-4104-8347-2D567156530D}.Release|x64.ActiveCfg = Release|x64
		{3B701904-968E-4104-8347-2D567156530D}.Release|x64.Build.0 = Release|x64
		{3B701904-968E-4104-8347-2D567156530D}.Release|x86.ActiveCfg = Release|Win32
		{3B701904-968E-4104-8347-2D567156530D}.Release|x86.Build.0 = Release|Win32
		{1858FFF9-64EE-4BB1-8FF2-467BABD16820}.Debug|x64.ActiveCfg = Debug|x64
		{1858FFF9-64EE-4BB1-8FF2-467BABD16820}.Debug|x64.Build.0 = Debug|x64
		{1858FFF9-64EE-4BB1-8FF2-467BABD16820}.Debug|x86.ActiveCfg = Debug|Win32
		{1858FFF9-64EE-4BB1-8FF2-467BABD16820}.Debug|x86.Build.0 = Debug|Win32
		{1858FFF9-64EE-4BB1-8FF2-467BABD16820}.Release|x64.ActiveCfg = Release|x64
		{1858FFF9-64EE-4BB1-8FF2-467BABD16820}.Release|x64.Build.0 = Release|x64
		{1858FFF9-64EE-4BB1-8FF2-467BABD16820}.Release|x86.ActiveCfg = Release|Win32
		{1858FFF9-64EE-4BB1-8FF2-467BABD16820}.Release|x86.Build.0 = Release|Win32
		{5F145D34-21A5-491A-A7CD-EAA0D769EB44}.Debug|x64.ActiveCfg = Debug|x64
		{5F145D34-21A5-491A-A7CD-EAA0D769EB44}.Debug|x64.Build.0 = Debug|x64
		{5F145D34-21A5-491A-A7CD-EAA0D769EB44}.Debug|x86.ActiveCfg = Debug|Win32
		{5F145D34-21A5-491A-A7CD-EAA0D769EB44}.Debug|x86.Build.0 = Debug|Win32
		{5F145D34-21A5-491A-A7CD-EAA0D769EB44}.Release|x64.ActiveCfg = Release|x64
		{5F145D34-21A5-491A-A7CD-EAA0D769EB44}.Release|x64.Build.0 = Release|x64
		{5F145D34-21A5-491A-A7CD-EAA0D769EB44}.Release|x86.ActiveCfg = Release|Win32
		{5F145D34-21A5-491A-A7CD-EAA0D769EB44}.Release|x86.Build.0 = Release|Win32
		{3C94FAD9-9042-42B8-B72F-C96F17DA28E6}.Debug|x64.ActiveCfg = Debug|x64
		{3C94FAD9-9042-42B8-B72F-C96F17DA28E6}.Debug|x64.Build.0 = Debug|x64
		{3C94FAD9-9042-42B8-B72F-C96F17DA28E6}.Debug|x86.ActiveCfg = Debug|Win32
		{3C94FAD9-9042-42B8-B72F-C96F17DA28E6}.Debug|x86.Build.0 = Debug|Win32
		{3C94FAD9-9042-42B8-B72F-C96F17DA28E6}.Release|x64.ActiveCfg = Release|x64
		{3C94FAD9-9042-42B8-B72F-C96F17DA28E6}.Release|x64.Build.0 = Release|x64
		{3C94FAD9-9042-42B8-B72F-C96F17DA28E6}.Release|x86.ActiveCfg = Release|Win32
		{3C94FAD9-9042-42B8-B72F-C96F17DA28E6}.Release|x86.Build.0 = Release|Win32
		{DF0577F1-18A9-4F93-9B48-038139BB62CE}.Debug|x64.ActiveCfg = Debug|x64
		{DF0577F1-18A9-4F93-9B48-038139BB62CE}.Debug|x64.Build.0 = Debug|x64
		{DF0577F1-18A9-4F93-9B48-038139BB62CE}.Debug|x86.ActiveCfg = Debug|Win32
		{DF0577F1-18A9-4F93-9B48-038139BB62CE}.Debug|x86.Build.0 = Debug|Win32
		{DF0577F1-18A9-4F93-9B48-038139BB62CE}.Release|x64.ActiveCfg = Release|x64
		{DF0577F1-18A9-4F93-9B48-038139BB62CE}.Release|x64.Build.0 = Release|x64
		{DF0577F1-18A9-4F93-9B48-038139BB62CE}.Release|x86.ActiveCfg = Release|Win32
		{DF0577F1-18A9-4F93-9B48-038139BB62CE}.Release|x86.Build.0 = Release|Win32
		{7BEDE10D-8F95-474E-95B1-FA533F121692}.Debug|x64.ActiveCfg = Debug|x64
		{7BEDE10D-8F95-474E-95B1-FA533F121692}.Debug|x64.Build.0 = Debug|x64
		{7BEDE10D-8F95-474E-95B1-FA533F121692}.Debug|x86.ActiveCfg = Debug|Win32
		{7BEDE10D-8F95-474E-95B1-FA533F121692}.Debug|x86.Build.0 = Debug|Win32
		{7BEDE10D-8F95-474E-95B1-FA533F121692}.Release|x64.ActiveCfg = Release|x64
		{7BEDE10D-8F95-474E-95B1-FA533F121692}.Release|x64.Build.0 = Release|x64
		{7BEDE10D-8F95-474E-95B1-FA533F121692}.Release|x86.ActiveCfg = Release|Win32
		{7BEDE10D-8F95-474E-95B1-FA533F121692}.Release|x86.Build.0 = Release|Win32
		{292ED3FA-0150-4ECF-8463-BAC309847102}.Debug|x64.ActiveCfg = Debug|x64
		{292ED3FA-0150-4ECF-8463-BAC309847102}.Debug|x64.Build.0 = Debug|x64
		{292ED3FA-0150-4ECF-8463-BAC309847102}.Debug|x86.ActiveCfg = Debug|Win32
		{292ED3FA-0150-4ECF-8463-BAC309847102}.Debug|x86.Build.0 = Debug|Win32
		{292ED3FA-0150-4ECF-8463-BAC309847102}.Release|x64.ActiveCfg = Release|x64
		{292ED3FA-0150-4ECF-8463-BAC309847102}.Release|x64.Build.0 = Release|x64
		{292ED3FA-0150-4ECF-8463-BAC309847102}.Release|x86.ActiveCfg = Release|Win32
		{292ED3FA-0150-4ECF-8463-BAC309847102}.Release|x86.Build.0 = Release|Win32
		{7ACA0C48-546B-4952-AD66-89880F218170}.Debug|x64.ActiveCfg = Debug|x64
		{7ACA0C48-546B-4952-AD66-89880F218170}.Debug|x64.Build.0 = Debug|x64
		{7ACA0C48-546B-4952-AD66-89880F218170}.Debug|x86.ActiveCfg = Debug|Win32
		{7ACA0C48-546B-4952-AD66-89880F218170}.Debug|x86.Build.0 = Debug|Win32
		{7ACA0C48-546B-4952-AD66-89880F218170}.Release|x64.ActiveCfg = Release|x64
		{7ACA0C48-546B-4952-AD66-89880F218170}.Release|x64.Build.0 = Release|x64
		{7ACA0C48-546B-4952-AD66-89880F218170}.Release|x86.ActiveCfg = Release|Win32
		{7ACA0C48-546B-4952-AD66-89880F218170}.Release|x86.Build.0 = Release|Win32
	EndGlobalSection
	GlobalSection(SolutionProperties) = preSolution
		HideSolutionNode = FALSE
	EndGlobalSection
	GlobalSection(NestedProjects) = preSolution
		{6AD4F95F-1198-48C8-8954-9E9B23161C90} = {78119BAB-C673-4A70-89CF-540BE5729C9E}
		{D73B499B-0D32-4866-896B-AF7672A313A2} = {78119BAB-C673-4A70-89CF-540BE5729C9E}
		{3B701904-968E-4104-8347-2D567156530D} = {78119BAB-C673-4A70-89CF-540BE5729C9E}
		{1858FFF9-64EE-4BB1-8FF2-467BABD16820} = {78119BAB-C673-4A70-89CF-540BE5729C9E}
		{5F145D34-21A5-491A-A7CD-EAA0D769EB44} = {78119BAB-C673-4A70-89CF-540BE5729C9E}
		{3C94FAD9-9042-42B8-B72F-C96F17DA28E6} = {78119BAB-C673-4A70-89CF-540BE5729C9E}
		{DF0577F1-18A9-4F93-9B48-038139BB62CE} = {78119BAB-C673-4A70-89CF-540BE5729C9E}
		{7BEDE10D-8F95-474E-95B1-FA533F121692} = {D72266FD-8B3D-41FE-8A21-0C08C4FA2603}
		{292ED3FA-0150-4ECF-8463-BAC309847102} = {D72266FD-8B3D-41FE-8A21-0C08C4FA2603}
		{7ACA0C48-546B-4952-AD66-89880F218170} = {D72266FD-8B3D-41FE-8A21-0C08C4FA2603}
	EndGlobalSection
	GlobalSection(ExtensibilityGlobals) = postSolution
		SolutionGuid = {0F77B5E4-7288-4253-B3BF-637616D18A78}
	EndGlobalSection
EndGlobal
